
Microsoft Visual Studio Solution File, Format Version 12.00
Project("{FAE04EC0-301F-11D3-BF4B-00C04F79EFBC}") = "Student", "Student\Student.csproj", "{1B08A020-E947-4CDD-89B8-4EE05EDDFAB5}"
EndProject
Global
	GlobalSection(SolutionConfigurationPlatforms) = preSolution
		Debug|Any CPU = Debug|Any CPU
		Release|Any CPU = Release|Any CPU
	EndGlobalSection
	GlobalSection(ProjectConfigurationPlatforms) = postSolution
		{1B08A020-E947-4CDD-89B8-4EE05EDDFAB5}.Debug|Any CPU.ActiveCfg = Debug|Any CPU
		{1B08A020-E947-4CDD-89B8-4EE05EDDFAB5}.Debug|Any CPU.Build.0 = Debug|Any CPU
		{1B08A020-E947-4CDD-89B8-4EE05EDDFAB5}.Release|Any CPU.ActiveCfg = Release|Any CPU
		{1B08A020-E947-4CDD-89B8-4EE05EDDFAB5}.Release|Any CPU.Build.0 = Release|Any CPU
	EndGlobalSection
EndGlobal
